
Microsoft Visual Studio Solution File, Format Version 12.00
# Visual Studio Version 17
VisualStudioVersion = 17.6.33815.320
MinimumVisualStudioVersion = 10.0.40219.1
Project("{FAE04EC0-301F-11D3-BF4B-00C04F79EFBC}") = "Sample1", "Sample1.csproj", "{0A8A0C7B-8099-415B-AC8D-CBEB2BE39D93}"
EndProject
Global
	GlobalSection(SolutionConfigurationPlatforms) = preSolution
		Debug|Any CPU = Debug|Any CPU
		Release|Any CPU = Release|Any CPU
	EndGlobalSection
	GlobalSection(ProjectConfigurationPlatforms) = postSolution
		{0A8A0C7B-8099-415B-AC8D-CBEB2BE39D93}.Debug|Any CPU.ActiveCfg = Debug|Any CPU
		{0A8A0C7B-8099-415B-AC8D-CBEB2BE39D93}.Debug|Any CPU.Build.0 = Debug|Any CPU
		{0A8A0C7B-8099-415B-AC8D-CBEB2BE39D93}.Release|Any CPU.ActiveCfg = Release|Any CPU
		{0A8A0C7B-8099-415B-AC8D-CBEB2BE39D93}.Release|Any CPU.Build.0 = Release|Any CPU
	EndGlobalSection
	GlobalSection(SolutionProperties) = preSolution
		HideSolutionNode = FALSE
	EndGlobalSection
	GlobalSection(ExtensibilityGlobals) = postSolution
		SolutionGuid = {439435FA-08FC-4139-970E-887976286AF0}
	EndGlobalSection
EndGlobal
